
Microsoft Visual Studio Solution File, Format Version 12.00
# Visual Studio Version 17
VisualStudioVersion = 17.13.35825.156 d17.13
MinimumVisualStudioVersion = 10.0.40219.1
Project("{FAE04EC0-301F-11D3-BF4B-00C04F79EFBC}") = "estacionamento_basico", "estacionamento_basico.csproj", "{0710CDD0-83B3-4663-B07E-9235E0120290}"
EndProject
Global
	GlobalSection(SolutionConfigurationPlatforms) = preSolution
		Debug|Any CPU = Debug|Any CPU
		Release|Any CPU = Release|Any CPU
	EndGlobalSection
	GlobalSection(ProjectConfigurationPlatforms) = postSolution
		{0710CDD0-83B3-4663-B07E-9235E0120290}.Debug|Any CPU.ActiveCfg = Debug|Any CPU
		{0710CDD0-83B3-4663-B07E-9235E0120290}.Debug|Any CPU.Build.0 = Debug|Any CPU
		{0710CDD0-83B3-4663-B07E-9235E0120290}.Release|Any CPU.ActiveCfg = Release|Any CPU
		{0710CDD0-83B3-4663-B07E-9235E0120290}.Release|Any CPU.Build.0 = Release|Any CPU
	EndGlobalSection
	GlobalSection(SolutionProperties) = preSolution
		HideSolutionNode = FALSE
	EndGlobalSection
	GlobalSection(ExtensibilityGlobals) = postSolution
		SolutionGuid = {239DCC15-1E10-41FB-B489-33E19D2A0D86}
	EndGlobalSection
EndGlobal
